
Microsoft Visual Studio Solution File, Format Version 12.00
# Visual Studio Version 16
VisualStudioVersion = 16.0.31402.337
MinimumVisualStudioVersion = 10.0.40219.1
Project("{FAE04EC0-301F-11D3-BF4B-00C04F79EFBC}") = "Exercise1", "Exercise1\Exercise1.csproj", "{E44CBFF8-13E6-4C88-9815-3157E3076839}"
EndProject
Project("{FAE04EC0-301F-11D3-BF4B-00C04F79EFBC}") = "Exercise2", "Exercise2\Exercise2.csproj", "{07FFB810-A7B0-4F4E-9CC0-18741F80E7A0}"
EndProject
Project("{FAE04EC0-301F-11D3-BF4B-00C04F79EFBC}") = "Exercise3", "Exercise3\Exercise3.csproj", "{48411090-D82D-42CF-91D1-2E4ED75B440D}"
EndProject
Project("{FAE04EC0-301F-11D3-BF4B-00C04F79EFBC}") = "Exercise4", "Exercise4\Exercise4.csproj", "{266B2E1D-B458-4E4A-B9E5-5902D8BF5B41}"
EndProject
Project("{FAE04EC0-301F-11D3-BF4B-00C04F79EFBC}") = "Exercise5", "Exercise5\Exercise5.csproj", "{3BFAC630-3564-4648-BEF6-FD4F4D565FA7}"
EndProject
Global
	GlobalSection(SolutionConfigurationPlatforms) = preSolution
		Debug|Any CPU = Debug|Any CPU
		Release|Any CPU = Release|Any CPU
	EndGlobalSection
	GlobalSection(ProjectConfigurationPlatforms) = postSolution
		{E44CBFF8-13E6-4C88-9815-3157E3076839}.Debug|Any CPU.ActiveCfg = Debug|Any CPU
		{E44CBFF8-13E6-4C88-9815-3157E3076839}.Debug|Any CPU.Build.0 = Debug|Any CPU
		{E44CBFF8-13E6-4C88-9815-3157E3076839}.Release|Any CPU.ActiveCfg = Release|Any CPU
		{E44CBFF8-13E6-4C88-9815-3157E3076839}.Release|Any CPU.Build.0 = Release|Any CPU
		{07FFB810-A7B0-4F4E-9CC0-18741F80E7A0}.Debug|Any CPU.ActiveCfg = Debug|Any CPU
		{07FFB810-A7B0-4F4E-9CC0-18741F80E7A0}.Debug|Any CPU.Build.0 = Debug|Any CPU
		{07FFB810-A7B0-4F4E-9CC0-18741F80E7A0}.Release|Any CPU.ActiveCfg = Release|Any CPU
		{07FFB810-A7B0-4F4E-9CC0-18741F80E7A0}.Release|Any CPU.Build.0 = Release|Any CPU
		{48411090-D82D-42CF-91D1-2E4ED75B440D}.Debug|Any CPU.ActiveCfg = Debug|Any CPU
		{48411090-D82D-42CF-91D1-2E4ED75B440D}.Debug|Any CPU.Build.0 = Debug|Any CPU
		{48411090-D82D-42CF-91D1-2E4ED75B440D}.Release|Any CPU.ActiveCfg = Release|Any CPU
		{48411090-D82D-42CF-91D1-2E4ED75B440D}.Release|Any CPU.Build.0 = Release|Any CPU
		{266B2E1D-B458-4E4A-B9E5-5902D8BF5B41}.Debug|Any CPU.ActiveCfg = Debug|Any CPU
		{266B2E1D-B458-4E4A-B9E5-5902D8BF5B41}.Debug|Any CPU.Build.0 = Debug|Any CPU
		{266B2E1D-B458-4E4A-B9E5-5902D8BF5B41}.Release|Any CPU.ActiveCfg = Release|Any CPU
		{266B2E1D-B458-4E4A-B9E5-5902D8BF5B41}.Release|Any CPU.Build.0 = Release|Any CPU
		{3BFAC630-3564-4648-BEF6-FD4F4D565FA7}.Debug|Any CPU.ActiveCfg = Debug|Any CPU
		{3BFAC630-3564-4648-BEF6-FD4F4D565FA7}.Debug|Any CPU.Build.0 = Debug|Any CPU
		{3BFAC630-3564-4648-BEF6-FD4F4D565FA7}.Release|Any CPU.ActiveCfg = Release|Any CPU
		{3BFAC630-3564-4648-BEF6-FD4F4D565FA7}.Release|Any CPU.Build.0 = Release|Any CPU
	EndGlobalSection
	GlobalSection(SolutionProperties) = preSolution
		HideSolutionNode = FALSE
	EndGlobalSection
	GlobalSection(ExtensibilityGlobals) = postSolution
		SolutionGuid = {3E39CB04-55FB-40FB-A5A1-AB35430903A8}
	EndGlobalSection
EndGlobal
